
Microsoft Visual Studio Solution File, Format Version 12.00
# Visual Studio Version 17
VisualStudioVersion = 17.3.32929.385
MinimumVisualStudioVersion = 10.0.40219.1
Project("{FAE04EC0-301F-11D3-BF4B-00C04F79EFBC}") = "OpenGL", "OpenGL\OpenGL.csproj", "{8952865C-1A47-454D-AB1D-BB558229B4FD}"
EndProject
Global
	GlobalSection(SolutionConfigurationPlatforms) = preSolution
		Debug|Any CPU = Debug|Any CPU
		Release|Any CPU = Release|Any CPU
	EndGlobalSection
	GlobalSection(ProjectConfigurationPlatforms) = postSolution
		{8952865C-1A47-454D-AB1D-BB558229B4FD}.Debug|Any CPU.ActiveCfg = Debug|Any CPU
		{8952865C-1A47-454D-AB1D-BB558229B4FD}.Debug|Any CPU.Build.0 = Debug|Any CPU
		{8952865C-1A47-454D-AB1D-BB558229B4FD}.Release|Any CPU.ActiveCfg = Release|Any CPU
		{8952865C-1A47-454D-AB1D-BB558229B4FD}.Release|Any CPU.Build.0 = Release|Any CPU
	EndGlobalSection
	GlobalSection(SolutionProperties) = preSolution
		HideSolutionNode = FALSE
	EndGlobalSection
	GlobalSection(ExtensibilityGlobals) = postSolution
		SolutionGuid = {CDD92A1C-D546-4F7C-AAC5-E88065FD25B5}
	EndGlobalSection
EndGlobal
